
Microsoft Visual Studio Solution File, Format Version 12.00
# Visual Studio Version 16
VisualStudioVersion = 16.0.31112.23
MinimumVisualStudioVersion = 10.0.40219.1
Project("{FAE04EC0-301F-11D3-BF4B-00C04F79EFBC}") = "ConsoleApp1", "ConsoleApp1\ConsoleApp1.csproj", "{7869349A-1EB8-451E-AB10-CDFB830EA599}"
EndProject
Global
	GlobalSection(SolutionConfigurationPlatforms) = preSolution
		Debug|Any CPU = Debug|Any CPU
		Release|Any CPU = Release|Any CPU
	EndGlobalSection
	GlobalSection(ProjectConfigurationPlatforms) = postSolution
		{7869349A-1EB8-451E-AB10-CDFB830EA599}.Debug|Any CPU.ActiveCfg = Debug|Any CPU
		{7869349A-1EB8-451E-AB10-CDFB830EA599}.Debug|Any CPU.Build.0 = Debug|Any CPU
		{7869349A-1EB8-451E-AB10-CDFB830EA599}.Release|Any CPU.ActiveCfg = Release|Any CPU
		{7869349A-1EB8-451E-AB10-CDFB830EA599}.Release|Any CPU.Build.0 = Release|Any CPU
	EndGlobalSection
	GlobalSection(SolutionProperties) = preSolution
		HideSolutionNode = FALSE
	EndGlobalSection
	GlobalSection(ExtensibilityGlobals) = postSolution
		SolutionGuid = {94E0049B-E2CE-4275-AAD6-D1E5B62B8887}
	EndGlobalSection
EndGlobal
